// !$*UTF8*$!
{
	archiveVersion = 1;
	classes = {
	};
	objectVersion = 46;
	objects = {

/* Begin PBXBuildFile section */
		1648E0421DA1EBC100F9A374 /* AppDelegate.swift in Sources */ = {isa = PBXBuildFile; fileRef = 1648E0411DA1EBC100F9A374 /* AppDelegate.swift */; };
		1648E0441DA1EBC100F9A374 /* ViewController.swift in Sources */ = {isa = PBXBuildFile; fileRef = 1648E0431DA1EBC100F9A374 /* ViewController.swift */; };
		1648E0471DA1EBC100F9A374 /* Main.storyboard in Resources */ = {isa = PBXBuildFile; fileRef = 1648E0451DA1EBC100F9A374 /* Main.storyboard */; };
		1648E0491DA1EBC100F9A374 /* Assets.xcassets in Resources */ = {isa = PBXBuildFile; fileRef = 1648E0481DA1EBC100F9A374 /* Assets.xcassets */; };
		1648E04C1DA1EBC100F9A374 /* LaunchScreen.storyboard in Resources */ = {isa = PBXBuildFile; fileRef = 1648E04A1DA1EBC100F9A374 /* LaunchScreen.storyboard */; };
/* End PBXBuildFile section */

/* Begin PBXFileReference section */
		1648E03E1DA1EBC100F9A374 /* HelloSegmented.app */ = {isa = PBXFileReference; explicitFileType = wrapper.application; includeInIndex = 0; path = HelloSegmented.app; sourceTree = BUILT_PRODUCTS_DIR; };
		1648E0411DA1EBC100F9A374 /* AppDelegate.swift */ = {isa = PBXFileReference; lastKnownFileType = sourcecode.swift; path = AppDelegate.swift; sourceTree = "<group>"; };
		1648E0431DA1EBC100F9A374 /* ViewController.swift */ = {isa = PBXFileReference; lastKnownFileType = sourcecode.swift; path = ViewController.swift; sourceTree = "<group>"; };
		1648E0461DA1EBC100F9A374 /* Base */ = {isa = PBXFileReference; lastKnownFileType = file.storyboard; name = Base; path = Base.lproj/Main.storyboard; sourceTree = "<group>"; };
		1648E0481DA1EBC100F9A374 /* Assets.xcassets */ = {isa = PBXFileReference; lastKnownFileType = folder.assetcatalog; path = Assets.xcassets; sourceTree = "<group>"; };
		1648E04B1DA1EBC100F9A374 /* Base */ = {isa = PBXFileReference; lastKnownFileType = file.storyboard; name = Base; path = Base.lproj/LaunchScreen.storyboard; sourceTree = "<group>"; };
		1648E04D1DA1EBC100F9A374 /* Info.plist */ = {isa = PBXFileReference; lastKnownFileType = text.plist.xml; path = Info.plist; sourceTree = "<group>"; };
/* End PBXFileReference section */

/* Begin PBXFrameworksBuildPhase section */
		1648E03B1DA1EBC100F9A374 /* Frameworks */ = {
			isa = PBXFrameworksBuildPhase;
			buildActionMask = 2147483647;
			files = (
			);
			runOnlyForDeploymentPostprocessing = 0;
		};
/* End PBXFrameworksBuildPhase section */

/* Begin PBXGroup section */
		1648E0351DA1EBC100F9A374 = {
			isa = PBXGroup;
			children = (
				1648E0401DA1EBC100F9A374 /* HelloSegmented */,
				1648E03F1DA1EBC100F9A374 /* Products */,
			);
			sourceTree = "<group>";
		};
		1648E03F1DA1EBC100F9A374 /* Products */ = {
			isa = PBXGroup;
			children = (
				1648E03E1DA1EBC100F9A374 /* HelloSegmented.app */,
			);
			name = Products;
			sourceTree = "<group>";
		};
		1648E0401DA1EBC100F9A374 /* HelloSegmented */ = {
			isa = PBXGroup;
			children = (
				1648E0411DA1EBC100F9A374 /* AppDelegate.swift */,
				1648E0431DA1EBC100F9A374 /* ViewController.swift */,
				1648E0451DA1EBC100F9A374 /* Main.storyboard */,
				1648E0481DA1EBC100F9A374 /* Assets.xcassets */,
				1648E04A1DA1EBC100F9A374 /* LaunchScreen.storyboard */,
				1648E04D1DA1EBC100F9A374 /* Info.plist */,
			);
			path = HelloSegmented;
			sourceTree = "<group>";
		};
/* End PBXGroup section */

/* Begin PBXNativeTarget section */
		1648E03D1DA1EBC100F9A374 /* HelloSegmented */ = {
			isa = PBXNativeTarget;
			buildConfigurationList = 1648E0501DA1EBC100F9A374 /* Build configuration list for PBXNativeTarget "HelloSegmented" */;
			buildPhases = (
				1648E03A1DA1EBC100F9A374 /* Sources */,
				1648E03B1DA1EBC100F9A374 /* Frameworks */,
				1648E03C1DA1EBC100F9A374 /* Resources */,
			);
			buildRules = (
			);
			dependencies = (
			);
			name = HelloSegmented;
			productName = HelloSegmented;
			productReference = 1648E03E1DA1EBC100F9A374 /* HelloSegmented.app */;
			productType = "com.apple.product-type.application";
		};
/* End PBXNativeTarget section */

/* Begin PBXProject section */
		1648E0361DA1EBC100F9A374 /* Project object */ = {
			isa = PBXProject;
			attributes = {
				LastSwiftUpdateCheck = 0800;
				LastUpgradeCheck = 0800;
				ORGANIZATIONNAME = "張仕陸";
				TargetAttributes = {
					1648E03D1DA1EBC100F9A374 = {
						CreatedOnToolsVersion = 8.0;
						DevelopmentTeam = JD626ZF7YT;
						ProvisioningStyle = Automatic;
					};
				};
			};
			buildConfigurationList = 1648E0391DA1EBC100F9A374 /* Build configuration list for PBXProject "HelloSegmented" */;
			compatibilityVersion = "Xcode 3.2";
			developmentRegion = English;
			hasScannedForEncodings = 0;
			knownRegions = (
				en,
				Base,
			);
			mainGroup = 1648E0351DA1EBC100F9A374;
			productRefGroup = 1648E03F1DA1EBC100F9A374 /* Products */;
			projectDirPath = "";
			projectRoot = "";
			targets = (
				1648E03D1DA1EBC100F9A374 /* HelloSegmented */,
			);
		};
/* End PBXProject section */

/* Begin PBXResourcesBuildPhase section */
		1648E03C1DA1EBC100F9A374 /* Resources */ = {
			isa = PBXResourcesBuildPhase;
			buildActionMask = 2147483647;
			files = (
				1648E04C1DA1EBC100F9A374 /* LaunchScreen.storyboard in Resources */,
				1648E0491DA1EBC100F9A374 /* Assets.xcassets in Resources */,
				1648E0471DA1EBC100F9A374 /* Main.storyboard in Resources */,
			);
			runOnlyForDeploymentPostprocessing = 0;
		};
/* End PBXResourcesBuildPhase section */

/* Begin PBXSourcesBuildPhase section */
		1648E03A1DA1EBC100F9A374 /* Sources */ = {
			isa = PBXSourcesBuildPhase;
			buildActionMask = 2147483647;
			files = (
				1648E0441DA1EBC100F9A374 /* ViewController.swift in Sources */,
				1648E0421DA1EBC100F9A374 /* AppDelegate.swift in Sources */,
			);
			runOnlyForDeploymentPostprocessing = 0;
		};
/* End PBXSourcesBuildPhase section */

/* Begin PBXVariantGroup section */
		1648E0451DA1EBC100F9A374 /* Main.storyboard */ = {
			isa = PBXVariantGroup;
			children = (
				1648E0461DA1EBC100F9A374 /* Base */,
			);
			name = Main.storyboard;
			sourceTree = "<group>";
		};
		1648E04A1DA1EBC100F9A374 /* LaunchScreen.storyboard */ = {
			isa = PBXVariantGroup;
			children = (
				1648E04B1DA1EBC100F9A374 /* Base */,
			);
			name = LaunchScreen.storyboard;
			sourceTree = "<group>";
		};
/* End PBXVariantGroup section */

/* Begin XCBuildConfiguration section */
		1648E04E1DA1EBC100F9A374 /* Debug */ = {
			isa = XCBuildConfiguration;
			buildSettings = {
				ALWAYS_SEARCH_USER_PATHS = NO;
				CLANG_ANALYZER_NONNULL = YES;
				CLANG_CXX_LANGUAGE_STANDARD = "gnu++0x";
				CLANG_CXX_LIBRARY = "libc++";
				CLANG_ENABLE_MODULES = YES;
				CLANG_ENABLE_OBJC_ARC = YES;
				CLANG_WARN_BOOL_CONVERSION = YES;
				CLANG_WARN_CONSTANT_CONVERSION = YES;
				CLANG_WARN_DIRECT_OBJC_ISA_USAGE = YES_ERROR;
				CLANG_WARN_DOCUMENTATION_COMMENTS = YES;
				CLANG_WARN_EMPTY_BODY = YES;
				CLANG_WARN_ENUM_CONVERSION = YES;
				CLANG_WARN_INFINITE_RECURSION = YES;
				CLANG_WARN_INT_CONVERSION = YES;
				CLANG_WARN_OBJC_ROOT_CLASS = YES_ERROR;
				CLANG_WARN_SUSPICIOUS_MOVES = YES;
				CLANG_WARN_UNREACHABLE_CODE = YES;
				CLANG_WARN__DUPLICATE_METHOD_MATCH = YES;
				"CODE_SIGN_IDENTITY[sdk=iphoneos*]" = "iPhone Developer";
				COPY_PHASE_STRIP = NO;
				DEBUG_INFORMATION_FORMAT = dwarf;
				ENABLE_STRICT_OBJC_MSGSEND = YES;
				ENABLE_TESTABILITY = YES;
				GCC_C_LANGUAGE_STANDARD = gnu99;
				GCC_DYNAMIC_NO_PIC = NO;
				GCC_NO_COMMON_BLOCKS = YES;
				GCC_OPTIMIZATION_LEVEL = 0;
				GCC_PREPROCESSOR_DEFINITIONS = (
					"DEBUG=1",
					"$(inherited)",
				);
				GCC_WARN_64_TO_32_BIT_CONVERSION = YES;
				GCC_WARN_ABOUT_RETURN_TYPE = YES_ERROR;
				GCC_WARN_UNDECLARED_SELECTOR = YES;
				GCC_WARN_UNINITIALIZED_AUTOS = YES_AGGRESSIVE;
				GCC_WARN_UNUSED_FUNCTION = YES;
				GCC_WARN_UNUSED_VARIABLE = YES;
				IPHONEOS_DEPLOYMENT_TARGET = 10.0;
				MTL_ENABLE_DEBUG_INFO = YES;
				ONLY_ACTIVE_ARCH = YES;
				SDKROOT = iphoneos;
				SWIFT_ACTIVE_COMPILATION_CONDITIONS = DEBUG;
				SWIFT_OPTIMIZATION_LEVEL = "-Onone";
				TARGETED_DEVICE_FAMILY = "1,2";
			};
			name = Debug;
		};
		1648E04F1DA1EBC100F9A374 /* Release */ = {
			isa = XCBuildConfiguration;
			buildSettings = {
				ALWAYS_SEARCH_USER_PATHS = NO;
				CLANG_ANALYZER_NONNULL = YES;
				CLANG_CXX_LANGUAGE_STANDARD = "gnu++0x";
				CLANG_CXX_LIBRARY = "libc++";
				CLANG_ENABLE_MODULES = YES;
				CLANG_ENABLE_OBJC_ARC = YES;
				CLANG_WARN_BOOL_CONVERSION = YES;
				CLANG_WARN_CONSTANT_CONVERSION = YES;
				CLANG_WARN_DIRECT_OBJC_ISA_USAGE = YES_ERROR;
				CLANG_WARN_DOCUMENTATION_COMMENTS = YES;
				CLANG_WARN_EMPTY_BODY = YES;
				CLANG_WARN_ENUM_CONVERSION = YES;
				CLANG_WARN_INFINITE_RECURSION = YES;
				CLANG_WARN_INT_CONVERSION = YES;
				CLANG_WARN_OBJC_ROOT_CLASS = YES_ERROR;
				CLANG_WARN_SUSPICIOUS_MOVES = YES;
				CLANG_WARN_UNREACHABLE_CODE = YES;
				CLANG_WARN__DUPLICATE_METHOD_MATCH = YES;
				"CODE_SIGN_IDENTITY[sdk=iphoneos*]" = "iPhone Developer";
				COPY_PHASE_STRIP = NO;
				DEBUG_INFORMATION_FORMAT = "dwarf-with-dsym";
				ENABLE_NS_ASSERTIONS = NO;
				ENABLE_STRICT_OBJC_MSGSEND = YES;
				GCC_C_LANGUAGE_STANDARD = gnu99;
				GCC_NO_COMMON_BLOCKS = YES;
				GCC_WARN_64_TO_32_BIT_CONVERSION = YES;
				GCC_WARN_ABOUT_RETURN_TYPE = YES_ERROR;
				GCC_WARN_UNDECLARED_SELECTOR = YES;
				GCC_WARN_UNINITIALIZED_AUTOS = YES_AGGRESSIVE;
				GCC_WARN_UNUSED_FUNCTION = YES;
				GCC_WARN_UNUSED_VARIABLE = YES;
				IPHONEOS_DEPLOYMENT_TARGET = 10.0;
				MTL_ENABLE_DEBUG_INFO = NO;
				SDKROOT = iphoneos;
				SWIFT_OPTIMIZATION_LEVEL = "-Owholemodule";
				TARGETED_DEVICE_FAMILY = "1,2";
				VALIDATE_PRODUCT = YES;
			};
			name = Release;
		};
		1648E0511DA1EBC100F9A374 /* Debug */ = {
			isa = XCBuildConfiguration;
			buildSettings = {
				ASSETCATALOG_COMPILER_APPICON_NAME = AppIcon;
				DEVELOPMENT_TEAM = JD626ZF7YT;
				INFOPLIST_FILE = HelloSegmented/Info.plist;
				LD_RUNPATH_SEARCH_PATHS = "$(inherited) @executable_path/Frameworks";
				PRODUCT_BUNDLE_IDENTIFIER = com.shilu.HelloSegmented;
				PRODUCT_NAME = "$(TARGET_NAME)";
				SWIFT_VERSION = 3.0;
			};
			name = Debug;
		};
		1648E0521DA1EBC100F9A374 /* Release */ = {
			isa = XCBuildConfiguration;
			buildSettings = {
				ASSETCATALOG_COMPILER_APPICON_NAME = AppIcon;
				DEVELOPMENT_TEAM = JD626ZF7YT;
				INFOPLIST_FILE = HelloSegmented/Info.plist;
				LD_RUNPATH_SEARCH_PATHS = "$(inherited) @executable_path/Frameworks";
				PRODUCT_BUNDLE_IDENTIFIER = com.shilu.HelloSegmented;
				PRODUCT_NAME = "$(TARGET_NAME)";
				SWIFT_VERSION = 3.0;
			};
			name = Release;
		};
/* End XCBuildConfiguration section */

/* Begin XCConfigurationList section */
		1648E0391DA1EBC100F9A374 /* Build configuration list for PBXProject "HelloSegmented" */ = {
			isa = XCConfigurationList;
			buildConfigurations = (
				1648E04E1DA1EBC100F9A374 /* Debug */,
				1648E04F1DA1EBC100F9A374 /* Release */,
			);
			defaultConfigurationIsVisible = 0;
			defaultConfigurationName = Release;
		};
		1648E0501DA1EBC100F9A374 /* Build configuration list for PBXNativeTarget "HelloSegmented" */ = {
			isa = XCConfigurationList;
			buildConfigurations = (
				1648E0511DA1EBC100F9A374 /* Debug */,
				1648E0521DA1EBC100F9A374 /* Release */,
			);
			defaultConfigurationIsVisible = 0;
		};
/* End XCConfigurationList section */
	};
	rootObject = 1648E0361DA1EBC100F9A374 /* Project object */;
}
